
Microsoft Visual Studio Solution File, Format Version 12.00
# Visual Studio Version 16
VisualStudioVersion = 16.0.32602.291
MinimumVisualStudioVersion = 10.0.40219.1
Project("{FAE04EC0-301F-11D3-BF4B-00C04F79EFBC}") = "ApplicationAPI", "ApplicationAPI\ApplicationAPI.csproj", "{F3BCA6D0-E18E-4D68-B1C4-AED4255086B7}"
EndProject
Global
	GlobalSection(SolutionConfigurationPlatforms) = preSolution
		Debug|Any CPU = Debug|Any CPU
		Release|Any CPU = Release|Any CPU
	EndGlobalSection
	GlobalSection(ProjectConfigurationPlatforms) = postSolution
		{F3BCA6D0-E18E-4D68-B1C4-AED4255086B7}.Debug|Any CPU.ActiveCfg = Debug|Any CPU
		{F3BCA6D0-E18E-4D68-B1C4-AED4255086B7}.Debug|Any CPU.Build.0 = Debug|Any CPU
		{F3BCA6D0-E18E-4D68-B1C4-AED4255086B7}.Release|Any CPU.ActiveCfg = Release|Any CPU
		{F3BCA6D0-E18E-4D68-B1C4-AED4255086B7}.Release|Any CPU.Build.0 = Release|Any CPU
	EndGlobalSection
	GlobalSection(SolutionProperties) = preSolution
		HideSolutionNode = FALSE
	EndGlobalSection
	GlobalSection(ExtensibilityGlobals) = postSolution
		SolutionGuid = {30FB80E8-9780-4D40-B746-3658A6F7E9C4}
	EndGlobalSection
EndGlobal
